
Microsoft Visual Studio Solution File, Format Version 12.00
# Visual Studio Version 17
VisualStudioVersion = 17.14.36203.30 d17.14
MinimumVisualStudioVersion = 10.0.40219.1
Project("{FAE04EC0-301F-11D3-BF4B-00C04F79EFBC}") = "MSSS-Satelite-Sensor", "MSSS-Satelite-Sensor.csproj", "{FFE9F81D-4505-4EBB-A5AC-FFB53EF6184D}"
EndProject
Global
	GlobalSection(SolutionConfigurationPlatforms) = preSolution
		Debug|Any CPU = Debug|Any CPU
		Release|Any CPU = Release|Any CPU
	EndGlobalSection
	GlobalSection(ProjectConfigurationPlatforms) = postSolution
		{FFE9F81D-4505-4EBB-A5AC-FFB53EF6184D}.Debug|Any CPU.ActiveCfg = Debug|Any CPU
		{FFE9F81D-4505-4EBB-A5AC-FFB53EF6184D}.Debug|Any CPU.Build.0 = Debug|Any CPU
		{FFE9F81D-4505-4EBB-A5AC-FFB53EF6184D}.Release|Any CPU.ActiveCfg = Release|Any CPU
		{FFE9F81D-4505-4EBB-A5AC-FFB53EF6184D}.Release|Any CPU.Build.0 = Release|Any CPU
	EndGlobalSection
	GlobalSection(SolutionProperties) = preSolution
		HideSolutionNode = FALSE
	EndGlobalSection
	GlobalSection(ExtensibilityGlobals) = postSolution
		SolutionGuid = {C2C78AD5-B63D-4CA3-87F7-D1775986A2D7}
	EndGlobalSection
EndGlobal
